
Microsoft Visual Studio Solution File, Format Version 12.00
# Visual Studio Version 17
VisualStudioVersion = 17.3.32811.315
MinimumVisualStudioVersion = 10.0.40219.1
Project("{9A19103F-16F7-4668-BE54-9A1E7A4F7556}") = "Trivium", "Trivium\Trivium.csproj", "{9EF45C94-4226-4BD3-AA87-254BE1D4138A}"
EndProject
Project("{FAE04EC0-301F-11D3-BF4B-00C04F79EFBC}") = "TriviumTests1", "TriviumTests1\TriviumTests1.csproj", "{3918E808-4403-494E-BD1D-E03A0EF2A1CB}"
EndProject
Global
	GlobalSection(SolutionConfigurationPlatforms) = preSolution
		Debug|Any CPU = Debug|Any CPU
		Release|Any CPU = Release|Any CPU
	EndGlobalSection
	GlobalSection(ProjectConfigurationPlatforms) = postSolution
		{9EF45C94-4226-4BD3-AA87-254BE1D4138A}.Debug|Any CPU.ActiveCfg = Debug|Any CPU
		{9EF45C94-4226-4BD3-AA87-254BE1D4138A}.Debug|Any CPU.Build.0 = Debug|Any CPU
		{9EF45C94-4226-4BD3-AA87-254BE1D4138A}.Release|Any CPU.ActiveCfg = Release|Any CPU
		{9EF45C94-4226-4BD3-AA87-254BE1D4138A}.Release|Any CPU.Build.0 = Release|Any CPU
		{3918E808-4403-494E-BD1D-E03A0EF2A1CB}.Debug|Any CPU.ActiveCfg = Debug|Any CPU
		{3918E808-4403-494E-BD1D-E03A0EF2A1CB}.Debug|Any CPU.Build.0 = Debug|Any CPU
		{3918E808-4403-494E-BD1D-E03A0EF2A1CB}.Release|Any CPU.ActiveCfg = Release|Any CPU
		{3918E808-4403-494E-BD1D-E03A0EF2A1CB}.Release|Any CPU.Build.0 = Release|Any CPU
	EndGlobalSection
	GlobalSection(SolutionProperties) = preSolution
		HideSolutionNode = FALSE
	EndGlobalSection
	GlobalSection(ExtensibilityGlobals) = postSolution
		SolutionGuid = {DD2E8E22-4E5E-423D-97BD-856CCFBCF125}
	EndGlobalSection
EndGlobal
